// !$*UTF8*$!
{
	archiveVersion = 1;
	classes = {
	};
	objectVersion = 50;
	objects = {

/* Begin PBXBuildFile section */
		2844383121EE2464009DEDD0 /* Person.m in Sources */ = {isa = PBXBuildFile; fileRef = 2844383021EE2464009DEDD0 /* Person.m */; };
		28BBD43C21EDD00F00419E57 /* AppDelegate.m in Sources */ = {isa = PBXBuildFile; fileRef = 28BBD43B21EDD00F00419E57 /* AppDelegate.m */; };
		28BBD43F21EDD00F00419E57 /* ViewController.m in Sources */ = {isa = PBXBuildFile; fileRef = 28BBD43E21EDD00F00419E57 /* ViewController.m */; };
		28BBD44221EDD00F00419E57 /* Main.storyboard in Resources */ = {isa = PBXBuildFile; fileRef = 28BBD44021EDD00F00419E57 /* Main.storyboard */; };
		28BBD44421EDD01400419E57 /* Assets.xcassets in Resources */ = {isa = PBXBuildFile; fileRef = 28BBD44321EDD01400419E57 /* Assets.xcassets */; };
		28BBD44721EDD01400419E57 /* LaunchScreen.storyboard in Resources */ = {isa = PBXBuildFile; fileRef = 28BBD44521EDD01400419E57 /* LaunchScreen.storyboard */; };
		28BBD44A21EDD01400419E57 /* main.m in Sources */ = {isa = PBXBuildFile; fileRef = 28BBD44921EDD01400419E57 /* main.m */; };
/* End PBXBuildFile section */

/* Begin PBXFileReference section */
		2844382F21EE2464009DEDD0 /* Person.h */ = {isa = PBXFileReference; lastKnownFileType = sourcecode.c.h; path = Person.h; sourceTree = "<group>"; };
		2844383021EE2464009DEDD0 /* Person.m */ = {isa = PBXFileReference; lastKnownFileType = sourcecode.c.objc; path = Person.m; sourceTree = "<group>"; };
		28BBD43721EDD00F00419E57 /* Address Book.app */ = {isa = PBXFileReference; explicitFileType = wrapper.application; includeInIndex = 0; path = "Address Book.app"; sourceTree = BUILT_PRODUCTS_DIR; };
		28BBD43A21EDD00F00419E57 /* AppDelegate.h */ = {isa = PBXFileReference; lastKnownFileType = sourcecode.c.h; path = AppDelegate.h; sourceTree = "<group>"; };
		28BBD43B21EDD00F00419E57 /* AppDelegate.m */ = {isa = PBXFileReference; lastKnownFileType = sourcecode.c.objc; path = AppDelegate.m; sourceTree = "<group>"; };
		28BBD43D21EDD00F00419E57 /* ViewController.h */ = {isa = PBXFileReference; lastKnownFileType = sourcecode.c.h; path = ViewController.h; sourceTree = "<group>"; };
		28BBD43E21EDD00F00419E57 /* ViewController.m */ = {isa = PBXFileReference; lastKnownFileType = sourcecode.c.objc; path = ViewController.m; sourceTree = "<group>"; };
		28BBD44121EDD00F00419E57 /* Base */ = {isa = PBXFileReference; lastKnownFileType = file.storyboard; name = Base; path = Base.lproj/Main.storyboard; sourceTree = "<group>"; };
		28BBD44321EDD01400419E57 /* Assets.xcassets */ = {isa = PBXFileReference; lastKnownFileType = folder.assetcatalog; path = Assets.xcassets; sourceTree = "<group>"; };
		28BBD44621EDD01400419E57 /* Base */ = {isa = PBXFileReference; lastKnownFileType = file.storyboard; name = Base; path = Base.lproj/LaunchScreen.storyboard; sourceTree = "<group>"; };
		28BBD44821EDD01400419E57 /* Info.plist */ = {isa = PBXFileReference; lastKnownFileType = text.plist.xml; path = Info.plist; sourceTree = "<group>"; };
		28BBD44921EDD01400419E57 /* main.m */ = {isa = PBXFileReference; lastKnownFileType = sourcecode.c.objc; path = main.m; sourceTree = "<group>"; };
/* End PBXFileReference section */

/* Begin PBXFrameworksBuildPhase section */
		28BBD43421EDD00E00419E57 /* Frameworks */ = {
			isa = PBXFrameworksBuildPhase;
			buildActionMask = 2147483647;
			files = (
			);
			runOnlyForDeploymentPostprocessing = 0;
		};
/* End PBXFrameworksBuildPhase section */

/* Begin PBXGroup section */
		28BBD42E21EDD00E00419E57 = {
			isa = PBXGroup;
			children = (
				28BBD43921EDD00F00419E57 /* Address Book */,
				28BBD43821EDD00F00419E57 /* Products */,
			);
			sourceTree = "<group>";
		};
		28BBD43821EDD00F00419E57 /* Products */ = {
			isa = PBXGroup;
			children = (
				28BBD43721EDD00F00419E57 /* Address Book.app */,
			);
			name = Products;
			sourceTree = "<group>";
		};
		28BBD43921EDD00F00419E57 /* Address Book */ = {
			isa = PBXGroup;
			children = (
				28BBD43A21EDD00F00419E57 /* AppDelegate.h */,
				28BBD43B21EDD00F00419E57 /* AppDelegate.m */,
				28BBD44321EDD01400419E57 /* Assets.xcassets */,
				28BBD44821EDD01400419E57 /* Info.plist */,
				28BBD44521EDD01400419E57 /* LaunchScreen.storyboard */,
				28BBD44921EDD01400419E57 /* main.m */,
				28BBD44021EDD00F00419E57 /* Main.storyboard */,
				2844382F21EE2464009DEDD0 /* Person.h */,
				2844383021EE2464009DEDD0 /* Person.m */,
				28BBD43D21EDD00F00419E57 /* ViewController.h */,
				28BBD43E21EDD00F00419E57 /* ViewController.m */,
			);
			path = "Address Book";
			sourceTree = "<group>";
		};
/* End PBXGroup section */

/* Begin PBXNativeTarget section */
		28BBD43621EDD00E00419E57 /* Address Book */ = {
			isa = PBXNativeTarget;
			buildConfigurationList = 28BBD44D21EDD01400419E57 /* Build configuration list for PBXNativeTarget "Address Book" */;
			buildPhases = (
				28BBD43321EDD00E00419E57 /* Sources */,
				28BBD43421EDD00E00419E57 /* Frameworks */,
				28BBD43521EDD00E00419E57 /* Resources */,
			);
			buildRules = (
			);
			dependencies = (
			);
			name = "Address Book";
			productName = "Address Book";
			productReference = 28BBD43721EDD00F00419E57 /* Address Book.app */;
			productType = "com.apple.product-type.application";
		};
/* End PBXNativeTarget section */

/* Begin PBXProject section */
		28BBD42F21EDD00E00419E57 /* Project object */ = {
			isa = PBXProject;
			attributes = {
				LastUpgradeCheck = 0940;
				ORGANIZATIONNAME = "The App Factory AB";
				TargetAttributes = {
					28BBD43621EDD00E00419E57 = {
						CreatedOnToolsVersion = 9.4.1;
					};
				};
			};
			buildConfigurationList = 28BBD43221EDD00E00419E57 /* Build configuration list for PBXProject "Address Book" */;
			compatibilityVersion = "Xcode 9.3";
			developmentRegion = en;
			hasScannedForEncodings = 0;
			knownRegions = (
				en,
				Base,
			);
			mainGroup = 28BBD42E21EDD00E00419E57;
			productRefGroup = 28BBD43821EDD00F00419E57 /* Products */;
			projectDirPath = "";
			projectRoot = "";
			targets = (
				28BBD43621EDD00E00419E57 /* Address Book */,
			);
		};
/* End PBXProject section */

/* Begin PBXResourcesBuildPhase section */
		28BBD43521EDD00E00419E57 /* Resources */ = {
			isa = PBXResourcesBuildPhase;
			buildActionMask = 2147483647;
			files = (
				28BBD44721EDD01400419E57 /* LaunchScreen.storyboard in Resources */,
				28BBD44421EDD01400419E57 /* Assets.xcassets in Resources */,
				28BBD44221EDD00F00419E57 /* Main.storyboard in Resources */,
			);
			runOnlyForDeploymentPostprocessing = 0;
		};
/* End PBXResourcesBuildPhase section */

/* Begin PBXSourcesBuildPhase section */
		28BBD43321EDD00E00419E57 /* Sources */ = {
			isa = PBXSourcesBuildPhase;
			buildActionMask = 2147483647;
			files = (
				28BBD43F21EDD00F00419E57 /* ViewController.m in Sources */,
				28BBD44A21EDD01400419E57 /* main.m in Sources */,
				2844383121EE2464009DEDD0 /* Person.m in Sources */,
				28BBD43C21EDD00F00419E57 /* AppDelegate.m in Sources */,
			);
			runOnlyForDeploymentPostprocessing = 0;
		};
/* End PBXSourcesBuildPhase section */

/* Begin PBXVariantGroup section */
		28BBD44021EDD00F00419E57 /* Main.storyboard */ = {
			isa = PBXVariantGroup;
			children = (
				28BBD44121EDD00F00419E57 /* Base */,
			);
			name = Main.storyboard;
			sourceTree = "<group>";
		};
		28BBD44521EDD01400419E57 /* LaunchScreen.storyboard */ = {
			isa = PBXVariantGroup;
			children = (
				28BBD44621EDD01400419E57 /* Base */,
			);
			name = LaunchScreen.storyboard;
			sourceTree = "<group>";
		};
/* End PBXVariantGroup section */

/* Begin XCBuildConfiguration section */
		28BBD44B21EDD01400419E57 /* Debug */ = {
			isa = XCBuildConfiguration;
			buildSettings = {
				ALWAYS_SEARCH_USER_PATHS = NO;
				CLANG_ANALYZER_NONNULL = YES;
				CLANG_ANALYZER_NUMBER_OBJECT_CONVERSION = YES_AGGRESSIVE;
				CLANG_CXX_LANGUAGE_STANDARD = "gnu++14";
				CLANG_CXX_LIBRARY = "libc++";
				CLANG_ENABLE_MODULES = YES;
				CLANG_ENABLE_OBJC_ARC = YES;
				CLANG_ENABLE_OBJC_WEAK = YES;
				CLANG_WARN_BLOCK_CAPTURE_AUTORELEASING = YES;
				CLANG_WARN_BOOL_CONVERSION = YES;
				CLANG_WARN_COMMA = YES;
				CLANG_WARN_CONSTANT_CONVERSION = YES;
				CLANG_WARN_DEPRECATED_OBJC_IMPLEMENTATIONS = YES;
				CLANG_WARN_DIRECT_OBJC_ISA_USAGE = YES_ERROR;
				CLANG_WARN_DOCUMENTATION_COMMENTS = YES;
				CLANG_WARN_EMPTY_BODY = YES;
				CLANG_WARN_ENUM_CONVERSION = YES;
				CLANG_WARN_INFINITE_RECURSION = YES;
				CLANG_WARN_INT_CONVERSION = YES;
				CLANG_WARN_NON_LITERAL_NULL_CONVERSION = YES;
				CLANG_WARN_OBJC_IMPLICIT_RETAIN_SELF = YES;
				CLANG_WARN_OBJC_LITERAL_CONVERSION = YES;
				CLANG_WARN_OBJC_ROOT_CLASS = YES_ERROR;
				CLANG_WARN_RANGE_LOOP_ANALYSIS = YES;
				CLANG_WARN_STRICT_PROTOTYPES = YES;
				CLANG_WARN_SUSPICIOUS_MOVE = YES;
				CLANG_WARN_UNGUARDED_AVAILABILITY = YES_AGGRESSIVE;
				CLANG_WARN_UNREACHABLE_CODE = YES;
				CLANG_WARN__DUPLICATE_METHOD_MATCH = YES;
				CODE_SIGN_IDENTITY = "iPhone Developer";
				COPY_PHASE_STRIP = NO;
				DEBUG_INFORMATION_FORMAT = dwarf;
				ENABLE_STRICT_OBJC_MSGSEND = YES;
				ENABLE_TESTABILITY = YES;
				GCC_C_LANGUAGE_STANDARD = gnu11;
				GCC_DYNAMIC_NO_PIC = NO;
				GCC_NO_COMMON_BLOCKS = YES;
				GCC_OPTIMIZATION_LEVEL = 0;
				GCC_PREPROCESSOR_DEFINITIONS = (
					"DEBUG=1",
					"$(inherited)",
				);
				GCC_WARN_64_TO_32_BIT_CONVERSION = YES;
				GCC_WARN_ABOUT_RETURN_TYPE = YES_ERROR;
				GCC_WARN_UNDECLARED_SELECTOR = YES;
				GCC_WARN_UNINITIALIZED_AUTOS = YES_AGGRESSIVE;
				GCC_WARN_UNUSED_FUNCTION = YES;
				GCC_WARN_UNUSED_VARIABLE = YES;
				IPHONEOS_DEPLOYMENT_TARGET = 11.4;
				MTL_ENABLE_DEBUG_INFO = YES;
				ONLY_ACTIVE_ARCH = YES;
				SDKROOT = iphoneos;
			};
			name = Debug;
		};
		28BBD44C21EDD01400419E57 /* Release */ = {
			isa = XCBuildConfiguration;
			buildSettings = {
				ALWAYS_SEARCH_USER_PATHS = NO;
				CLANG_ANALYZER_NONNULL = YES;
				CLANG_ANALYZER_NUMBER_OBJECT_CONVERSION = YES_AGGRESSIVE;
				CLANG_CXX_LANGUAGE_STANDARD = "gnu++14";
				CLANG_CXX_LIBRARY = "libc++";
				CLANG_ENABLE_MODULES = YES;
				CLANG_ENABLE_OBJC_ARC = YES;
				CLANG_ENABLE_OBJC_WEAK = YES;
				CLANG_WARN_BLOCK_CAPTURE_AUTORELEASING = YES;
				CLANG_WARN_BOOL_CONVERSION = YES;
				CLANG_WARN_COMMA = YES;
				CLANG_WARN_CONSTANT_CONVERSION = YES;
				CLANG_WARN_DEPRECATED_OBJC_IMPLEMENTATIONS = YES;
				CLANG_WARN_DIRECT_OBJC_ISA_USAGE = YES_ERROR;
				CLANG_WARN_DOCUMENTATION_COMMENTS = YES;
				CLANG_WARN_EMPTY_BODY = YES;
				CLANG_WARN_ENUM_CONVERSION = YES;
				CLANG_WARN_INFINITE_RECURSION = YES;
				CLANG_WARN_INT_CONVERSION = YES;
				CLANG_WARN_NON_LITERAL_NULL_CONVERSION = YES;
				CLANG_WARN_OBJC_IMPLICIT_RETAIN_SELF = YES;
				CLANG_WARN_OBJC_LITERAL_CONVERSION = YES;
				CLANG_WARN_OBJC_ROOT_CLASS = YES_ERROR;
				CLANG_WARN_RANGE_LOOP_ANALYSIS = YES;
				CLANG_WARN_STRICT_PROTOTYPES = YES;
				CLANG_WARN_SUSPICIOUS_MOVE = YES;
				CLANG_WARN_UNGUARDED_AVAILABILITY = YES_AGGRESSIVE;
				CLANG_WARN_UNREACHABLE_CODE = YES;
				CLANG_WARN__DUPLICATE_METHOD_MATCH = YES;
				CODE_SIGN_IDENTITY = "iPhone Developer";
				COPY_PHASE_STRIP = NO;
				DEBUG_INFORMATION_FORMAT = "dwarf-with-dsym";
				ENABLE_NS_ASSERTIONS = NO;
				ENABLE_STRICT_OBJC_MSGSEND = YES;
				GCC_C_LANGUAGE_STANDARD = gnu11;
				GCC_NO_COMMON_BLOCKS = YES;
				GCC_WARN_64_TO_32_BIT_CONVERSION = YES;
				GCC_WARN_ABOUT_RETURN_TYPE = YES_ERROR;
				GCC_WARN_UNDECLARED_SELECTOR = YES;
				GCC_WARN_UNINITIALIZED_AUTOS = YES_AGGRESSIVE;
				GCC_WARN_UNUSED_FUNCTION = YES;
				GCC_WARN_UNUSED_VARIABLE = YES;
				IPHONEOS_DEPLOYMENT_TARGET = 11.4;
				MTL_ENABLE_DEBUG_INFO = NO;
				SDKROOT = iphoneos;
				VALIDATE_PRODUCT = YES;
			};
			name = Release;
		};
		28BBD44E21EDD01400419E57 /* Debug */ = {
			isa = XCBuildConfiguration;
			buildSettings = {
				ASSETCATALOG_COMPILER_APPICON_NAME = AppIcon;
				CODE_SIGN_STYLE = Automatic;
				DEVELOPMENT_TEAM = 7NDP9NC3QR;
				INFOPLIST_FILE = "Address Book/Info.plist";
				LD_RUNPATH_SEARCH_PATHS = (
					"$(inherited)",
					"@executable_path/Frameworks",
				);
				PRODUCT_BUNDLE_IDENTIFIER = "se.theappfactory.Address-Book";
				PRODUCT_NAME = "$(TARGET_NAME)";
				TARGETED_DEVICE_FAMILY = "1,2";
			};
			name = Debug;
		};
		28BBD44F21EDD01400419E57 /* Release */ = {
			isa = XCBuildConfiguration;
			buildSettings = {
				ASSETCATALOG_COMPILER_APPICON_NAME = AppIcon;
				CODE_SIGN_STYLE = Automatic;
				DEVELOPMENT_TEAM = 7NDP9NC3QR;
				INFOPLIST_FILE = "Address Book/Info.plist";
				LD_RUNPATH_SEARCH_PATHS = (
					"$(inherited)",
					"@executable_path/Frameworks",
				);
				PRODUCT_BUNDLE_IDENTIFIER = "se.theappfactory.Address-Book";
				PRODUCT_NAME = "$(TARGET_NAME)";
				TARGETED_DEVICE_FAMILY = "1,2";
			};
			name = Release;
		};
/* End XCBuildConfiguration section */

/* Begin XCConfigurationList section */
		28BBD43221EDD00E00419E57 /* Build configuration list for PBXProject "Address Book" */ = {
			isa = XCConfigurationList;
			buildConfigurations = (
				28BBD44B21EDD01400419E57 /* Debug */,
				28BBD44C21EDD01400419E57 /* Release */,
			);
			defaultConfigurationIsVisible = 0;
			defaultConfigurationName = Release;
		};
		28BBD44D21EDD01400419E57 /* Build configuration list for PBXNativeTarget "Address Book" */ = {
			isa = XCConfigurationList;
			buildConfigurations = (
				28BBD44E21EDD01400419E57 /* Debug */,
				28BBD44F21EDD01400419E57 /* Release */,
			);
			defaultConfigurationIsVisible = 0;
			defaultConfigurationName = Release;
		};
/* End XCConfigurationList section */
	};
	rootObject = 28BBD42F21EDD00E00419E57 /* Project object */;
}
